
Microsoft Visual Studio Solution File, Format Version 12.00
# Visual Studio Version 16
VisualStudioVersion = 16.0.30711.63
MinimumVisualStudioVersion = 10.0.40219.1
Project("{9A19103F-16F7-4668-BE54-9A1E7A4F7556}") = "Tetris", "tetris\Tetris.csproj", "{83BB9FF9-259F-472D-B519-414359EF99CA}"
EndProject
Project("{9A19103F-16F7-4668-BE54-9A1E7A4F7556}") = "TetrisConsoleApp", "TetrisConsoleApp\TetrisConsoleApp.csproj", "{39196B0E-6516-47C0-901D-6CA1E0D104E7}"
EndProject
Project("{54435603-DBB4-11D2-8724-00A0C9A8B90C}") = "Setup", "Setup\Setup.vdproj", "{CE8B8F18-7C76-41C6-8258-E6BE03F6ABE9}"
EndProject
Global
	GlobalSection(SolutionConfigurationPlatforms) = preSolution
		Debug|Any CPU = Debug|Any CPU
		Release|Any CPU = Release|Any CPU
	EndGlobalSection
	GlobalSection(ProjectConfigurationPlatforms) = postSolution
		{83BB9FF9-259F-472D-B519-414359EF99CA}.Debug|Any CPU.ActiveCfg = Debug|Any CPU
		{83BB9FF9-259F-472D-B519-414359EF99CA}.Debug|Any CPU.Build.0 = Debug|Any CPU
		{83BB9FF9-259F-472D-B519-414359EF99CA}.Release|Any CPU.ActiveCfg = Release|Any CPU
		{83BB9FF9-259F-472D-B519-414359EF99CA}.Release|Any CPU.Build.0 = Release|Any CPU
		{39196B0E-6516-47C0-901D-6CA1E0D104E7}.Debug|Any CPU.ActiveCfg = Debug|Any CPU
		{39196B0E-6516-47C0-901D-6CA1E0D104E7}.Release|Any CPU.ActiveCfg = Release|Any CPU
		{39196B0E-6516-47C0-901D-6CA1E0D104E7}.Release|Any CPU.Build.0 = Release|Any CPU
		{CE8B8F18-7C76-41C6-8258-E6BE03F6ABE9}.Debug|Any CPU.ActiveCfg = Debug
		{CE8B8F18-7C76-41C6-8258-E6BE03F6ABE9}.Release|Any CPU.ActiveCfg = Release
	EndGlobalSection
	GlobalSection(SolutionProperties) = preSolution
		HideSolutionNode = FALSE
	EndGlobalSection
	GlobalSection(ExtensibilityGlobals) = postSolution
		SolutionGuid = {4FE906D1-3C80-42B3-B003-634BD01E2A27}
	EndGlobalSection
EndGlobal
